
Microsoft Visual Studio Solution File, Format Version 12.00
# Visual Studio Version 16
VisualStudioVersion = 16.0.31205.134
MinimumVisualStudioVersion = 10.0.40219.1
Project("{2150E333-8FDC-42A3-9474-1A3956D46DE8}") = "src", "src", "{8729638E-38D1-4567-860E-415C62575A05}"
EndProject
Project("{9A19103F-16F7-4668-BE54-9A1E7A4F7556}") = "GoogleCaptchaComponent", "GoogleCaptchaComponent\GoogleCaptchaComponent.csproj", "{ABFBF769-F6D8-4B70-8D22-192F154CF17F}"
EndProject
Project("{FAE04EC0-301F-11D3-BF4B-00C04F79EFBC}") = "GoogleCaptcha.Exmaple", "GoogleCaptcha.Exmaple\GoogleCaptcha.Exmaple.csproj", "{9492FD66-E3C6-4708-9900-0C73C3C2EFC7}"
EndProject
Global
	GlobalSection(SolutionConfigurationPlatforms) = preSolution
		Debug|Any CPU = Debug|Any CPU
		Release|Any CPU = Release|Any CPU
	EndGlobalSection
	GlobalSection(ProjectConfigurationPlatforms) = postSolution
		{ABFBF769-F6D8-4B70-8D22-192F154CF17F}.Debug|Any CPU.ActiveCfg = Debug|Any CPU
		{ABFBF769-F6D8-4B70-8D22-192F154CF17F}.Debug|Any CPU.Build.0 = Debug|Any CPU
		{ABFBF769-F6D8-4B70-8D22-192F154CF17F}.Release|Any CPU.ActiveCfg = Release|Any CPU
		{ABFBF769-F6D8-4B70-8D22-192F154CF17F}.Release|Any CPU.Build.0 = Release|Any CPU
		{9492FD66-E3C6-4708-9900-0C73C3C2EFC7}.Debug|Any CPU.ActiveCfg = Debug|Any CPU
		{9492FD66-E3C6-4708-9900-0C73C3C2EFC7}.Debug|Any CPU.Build.0 = Debug|Any CPU
		{9492FD66-E3C6-4708-9900-0C73C3C2EFC7}.Release|Any CPU.ActiveCfg = Release|Any CPU
		{9492FD66-E3C6-4708-9900-0C73C3C2EFC7}.Release|Any CPU.Build.0 = Release|Any CPU
	EndGlobalSection
	GlobalSection(SolutionProperties) = preSolution
		HideSolutionNode = FALSE
	EndGlobalSection
	GlobalSection(NestedProjects) = preSolution
		{ABFBF769-F6D8-4B70-8D22-192F154CF17F} = {8729638E-38D1-4567-860E-415C62575A05}
		{9492FD66-E3C6-4708-9900-0C73C3C2EFC7} = {8729638E-38D1-4567-860E-415C62575A05}
	EndGlobalSection
	GlobalSection(ExtensibilityGlobals) = postSolution
		SolutionGuid = {2FB783BA-5AA3-4768-BBAD-6B815C4F9CB3}
	EndGlobalSection
EndGlobal
